
Microsoft Visual Studio Solution File, Format Version 12.00
Project("{FAE04EC0-301F-11D3-BF4B-00C04F79EFBC}") = "ConsoleHello", "ConsoleHello\ConsoleHello.csproj", "{6115E9A8-9D02-4265-B820-994DF58EF940}"
EndProject
Project("{2150E333-8FDC-42A3-9474-1A3956D46DE8}") = "_Build Files", "_Build Files", "{226696D0-D73F-45F2-BA09-F31F14629801}"
	ProjectSection(SolutionItems) = preProject
		Jenkinsfile = Jenkinsfile
		build.bat = build.bat
		run.bat = run.bat
	EndProjectSection
EndProject
Global
	GlobalSection(SolutionConfigurationPlatforms) = preSolution
		Debug|Any CPU = Debug|Any CPU
		Release|Any CPU = Release|Any CPU
	EndGlobalSection
	GlobalSection(ProjectConfigurationPlatforms) = postSolution
		{6115E9A8-9D02-4265-B820-994DF58EF940}.Debug|Any CPU.ActiveCfg = Debug|Any CPU
		{6115E9A8-9D02-4265-B820-994DF58EF940}.Debug|Any CPU.Build.0 = Debug|Any CPU
		{6115E9A8-9D02-4265-B820-994DF58EF940}.Release|Any CPU.ActiveCfg = Release|Any CPU
		{6115E9A8-9D02-4265-B820-994DF58EF940}.Release|Any CPU.Build.0 = Release|Any CPU
	EndGlobalSection
EndGlobal
